github.com/eclipse/paho.mqtt.golang v1.4.3 h1:2kwcUGn8seMUfWndX0hGbvH8r7crgcJguQNCyp70xik=
github.com/eclipse/paho.mqtt.golang v1.4.3/go.mod h1:CSYvoAlsMkhYOXh/oKyxa8EcBci6dVkLCbo5tTC1RIE=
github.com/google/uuid v1.3.0 h1:t6JiXgmwXMjEs8VusXIJk2BXHsn+wx8BZdTaoZ5fu7I=
github.com/google/uuid v1.3.0/go.mod h1:TIyPZe4MgqvfeYDBFedMoGGpEw/LqOeaOT+nhxU+yHo=
github.com/gorilla/websocket v1.5.0 h1:PPwGk2jz7EePpoHN/+ClbZu8SPxiqlu12wZP/3sWmnc=
github.com/gorilla/websocket v1.5.0/go.mod h1:YR8l580nyteQvAITg2hZ9XVh4b55+EU/adAjf1fMHhE=
github.com/pojntfx/dudirekta v0.5.1 h1:omrLk+lFJTQd6F/FGhW/tXEJF6Q/Zb4x++6zgWu8Ahw=
github.com/pojntfx/dudirekta v0.5.1/go.mod h1:2G79XDOe1c3Nz3G+LQfiNZ5K/SS3b2TP1K9JyRt8woI=
github.com/pojntfx/r3map v0.0.0-20230702125402-aa6d3def2dc8 h1:nIfmefsI4kDN6kwOZsXVpEXsTRjADmSkkU3CXfQ1Bk0=
github.com/pojntfx/r3map v0.0.0-20230702125402-aa6d3def2dc8/go.mod h1:SPaUgFoUwc62BP/oa6z88GGL9/9Apm/gZ4MXlBsRXds=
github.com/tarm/serial v0.0.0-20180830185346-98f6abe2eb07 h1:UyzmZLoiDWMRywV4DUYb9Fbt8uiOSooupjTq10vpvnU=
github.com/tarm/serial v0.0.0-20180830185346-98f6abe2eb07/go.mod h1:kDXzergiv9cbyO7IOYJZWg1U88JhDg3PB6klq9Hg2pA=
github.com/teivah/broadcast v0.1.0 h1:UMs1tn8w20Xlnod+VbLbwH3dzEH2zfJy4lxdzZjQLL0=
github.com/teivah/broadcast v0.1.0/go.mod h1:mXEgvXdYz2xUkQFARxI+jyX1MfCBwMDiGjIKSAsEq1g=
gitlab.mi.hdm-stuttgart.de/iotee/go-iotee v0.9.0 h1:IqAnab8oVs/ATeqpfEeN/UhqWgO42BMNnwECJpQQ4Ro=
gitlab.mi.hdm-stuttgart.de/iotee/go-iotee v0.9.0/go.mod h1:0G9A6z1D3MWEDYQZK3QPeaMGAbPrmqvetwZof+qUTx8=
golang.org/x/net v0.12.0 h1:cfawfvKITfUsFCeJIHJrbSxpeu/E81khclypR0GVT50=
golang.org/x/net v0.12.0/go.mod h1:zEVYFnQC7m/vmpQFELhcD1EWkZlX69l4oqgmer6hfKA=
golang.org/x/sync v0.3.0 h1:ftCYgMx6zT/asHUrPw8BLLscYtGznsLAnjq5RH9P66E=
golang.org/x/sync v0.3.0/go.mod h1:FU7BRWz2tNW+3quACPkgCx/L+uEAv1htQ0V83Z9Rj+Y=
golang.org/x/sys v0.10.0 h1:SqMFp9UcQJZa+pmYuAKjd9xq1f0j5rLcDIk0mj4qAsA=
golang.org/x/sys v0.10.0/go.mod h1:oPkhp1MJrh7nUepCBck5+mAzfO9JrbApNNgaTdGDITg=
